
Microsoft Visual Studio Solution File, Format Version 12.00
# Visual Studio Version 17
VisualStudioVersion = 17.11.35222.181
MinimumVisualStudioVersion = 10.0.40219.1
Project("{9A19103F-16F7-4668-BE54-9A1E7A4F7556}") = "ProductsApi", "ProductsApi.csproj", "{35CFC03C-FB85-4561-8D60-EB27E53AA930}"
EndProject
Project("{9A19103F-16F7-4668-BE54-9A1E7A4F7556}") = "ProductsApi.Service", "ProductsApi.Service\ProductsApi.Service.csproj", "{505DF721-AF02-4BF7-A814-E69B8A0BD5A9}"
EndProject
Project("{FAE04EC0-301F-11D3-BF4B-00C04F79EFBC}") = "ProductsApi.Tests", "ProductsApi.Tests\ProductsApi.Tests.csproj", "{A0B93E23-19FD-44AE-A425-9B1F361DD5BD}"
EndProject
Global
	GlobalSection(SolutionConfigurationPlatforms) = preSolution
		Debug|Any CPU = Debug|Any CPU
		Release|Any CPU = Release|Any CPU
	EndGlobalSection
	GlobalSection(ProjectConfigurationPlatforms) = postSolution
		{35CFC03C-FB85-4561-8D60-EB27E53AA930}.Debug|Any CPU.ActiveCfg = Debug|Any CPU
		{35CFC03C-FB85-4561-8D60-EB27E53AA930}.Debug|Any CPU.Build.0 = Debug|Any CPU
		{35CFC03C-FB85-4561-8D60-EB27E53AA930}.Release|Any CPU.ActiveCfg = Release|Any CPU
		{35CFC03C-FB85-4561-8D60-EB27E53AA930}.Release|Any CPU.Build.0 = Release|Any CPU
		{505DF721-AF02-4BF7-A814-E69B8A0BD5A9}.Debug|Any CPU.ActiveCfg = Debug|Any CPU
		{505DF721-AF02-4BF7-A814-E69B8A0BD5A9}.Debug|Any CPU.Build.0 = Debug|Any CPU
		{505DF721-AF02-4BF7-A814-E69B8A0BD5A9}.Release|Any CPU.ActiveCfg = Release|Any CPU
		{505DF721-AF02-4BF7-A814-E69B8A0BD5A9}.Release|Any CPU.Build.0 = Release|Any CPU
		{A0B93E23-19FD-44AE-A425-9B1F361DD5BD}.Debug|Any CPU.ActiveCfg = Debug|Any CPU
		{A0B93E23-19FD-44AE-A425-9B1F361DD5BD}.Debug|Any CPU.Build.0 = Debug|Any CPU
		{A0B93E23-19FD-44AE-A425-9B1F361DD5BD}.Release|Any CPU.ActiveCfg = Release|Any CPU
		{A0B93E23-19FD-44AE-A425-9B1F361DD5BD}.Release|Any CPU.Build.0 = Release|Any CPU
	EndGlobalSection
	GlobalSection(SolutionProperties) = preSolution
		HideSolutionNode = FALSE
	EndGlobalSection
	GlobalSection(ExtensibilityGlobals) = postSolution
		SolutionGuid = {81DC4FBE-3771-4991-8479-E5D28622CBA1}
	EndGlobalSection
EndGlobal
